Microsoft Visual Studio Solution File, Format Version 12.00
# Visual Studio Version 16
VisualStudioVersion = 16.0.0.0
MinimumVisualStudioVersion = 16.0.0.0
Project("{9A19103F-16F7-4668-BE54-9A1E7A4F7556}") = "gbs-dotnet.Server", "Server\gbs-dotnet.Server.csproj", "{9AA20860-D4A7-4A49-82AA-FD0D5F87031A}"
EndProject
Project("{9A19103F-16F7-4668-BE54-9A1E7A4F7556}") = "gbs-dotnet.Client", "Client\gbs-dotnet.Client.csproj", "{F939FC2C-B6DD-4788-B1BF-8951F43E6F81}"
EndProject
Project("{9A19103F-16F7-4668-BE54-9A1E7A4F7556}") = "gbs-dotnet.Shared", "Shared\gbs-dotnet.Shared.csproj", "{30F4DA52-E17C-4594-8454-9B8B0A9C99B6}"
EndProject
Global
	GlobalSection(SolutionConfigurationPlatforms) = preSolution
		Debug|Any CPU = Debug|Any CPU
		Debug|x64 = Debug|x64
		Debug|x86 = Debug|x86
		Release|Any CPU = Release|Any CPU
		Release|x64 = Release|x64
		Release|x86 = Release|x86
	EndGlobalSection
	GlobalSection(ProjectConfigurationPlatforms) = postSolution
		{F939FC2C-B6DD-4788-B1BF-8951F43E6F81}.Debug|Any CPU.ActiveCfg = Debug|Any CPU
		{F939FC2C-B6DD-4788-B1BF-8951F43E6F81}.Debug|Any CPU.Build.0 = Debug|Any CPU
		{F939FC2C-B6DD-4788-B1BF-8951F43E6F81}.Debug|x64.ActiveCfg = Debug|Any CPU
		{F939FC2C-B6DD-4788-B1BF-8951F43E6F81}.Debug|x64.Build.0 = Debug|Any CPU
		{F939FC2C-B6DD-4788-B1BF-8951F43E6F81}.Debug|x86.ActiveCfg = Debug|Any CPU
		{F939FC2C-B6DD-4788-B1BF-8951F43E6F81}.Debug|x86.Build.0 = Debug|Any CPU
		{F939FC2C-B6DD-4788-B1BF-8951F43E6F81}.Release|Any CPU.ActiveCfg = Release|Any CPU
		{F939FC2C-B6DD-4788-B1BF-8951F43E6F81}.Release|Any CPU.Build.0 = Release|Any CPU
		{F939FC2C-B6DD-4788-B1BF-8951F43E6F81}.Release|x64.ActiveCfg = Release|Any CPU
		{F939FC2C-B6DD-4788-B1BF-8951F43E6F81}.Release|x64.Build.0 = Release|Any CPU
		{F939FC2C-B6DD-4788-B1BF-8951F43E6F81}.Release|x86.ActiveCfg = Release|Any CPU
		{F939FC2C-B6DD-4788-B1BF-8951F43E6F81}.Release|x86.Build.0 = Release|Any CPU
		{9AA20860-D4A7-4A49-82AA-FD0D5F87031A}.Debug|Any CPU.ActiveCfg = Debug|Any CPU
		{9AA20860-D4A7-4A49-82AA-FD0D5F87031A}.Debug|Any CPU.Build.0 = Debug|Any CPU
		{9AA20860-D4A7-4A49-82AA-FD0D5F87031A}.Debug|x64.ActiveCfg = Debug|Any CPU
		{9AA20860-D4A7-4A49-82AA-FD0D5F87031A}.Debug|x64.Build.0 = Debug|Any CPU
		{9AA20860-D4A7-4A49-82AA-FD0D5F87031A}.Debug|x86.ActiveCfg = Debug|Any CPU
		{9AA20860-D4A7-4A49-82AA-FD0D5F87031A}.Debug|x86.Build.0 = Debug|Any CPU
		{9AA20860-D4A7-4A49-82AA-FD0D5F87031A}.Release|Any CPU.ActiveCfg = Release|Any CPU
		{9AA20860-D4A7-4A49-82AA-FD0D5F87031A}.Release|Any CPU.Build.0 = Release|Any CPU
		{9AA20860-D4A7-4A49-82AA-FD0D5F87031A}.Release|x64.ActiveCfg = Release|Any CPU
		{9AA20860-D4A7-4A49-82AA-FD0D5F87031A}.Release|x64.Build.0 = Release|Any CPU
		{9AA20860-D4A7-4A49-82AA-FD0D5F87031A}.Release|x86.ActiveCfg = Release|Any CPU
		{9AA20860-D4A7-4A49-82AA-FD0D5F87031A}.Release|x86.Build.0 = Release|Any CPU
		{30F4DA52-E17C-4594-8454-9B8B0A9C99B6}.Debug|Any CPU.ActiveCfg = Debug|Any CPU
		{30F4DA52-E17C-4594-8454-9B8B0A9C99B6}.Debug|Any CPU.Build.0 = Debug|Any CPU
		{30F4DA52-E17C-4594-8454-9B8B0A9C99B6}.Debug|x64.ActiveCfg = Debug|Any CPU
		{30F4DA52-E17C-4594-8454-9B8B0A9C99B6}.Debug|x64.Build.0 = Debug|Any CPU
		{30F4DA52-E17C-4594-8454-9B8B0A9C99B6}.Debug|x86.ActiveCfg = Debug|Any CPU
		{30F4DA52-E17C-4594-8454-9B8B0A9C99B6}.Debug|x86.Build.0 = Debug|Any CPU
		{30F4DA52-E17C-4594-8454-9B8B0A9C99B6}.Release|Any CPU.ActiveCfg = Release|Any CPU
		{30F4DA52-E17C-4594-8454-9B8B0A9C99B6}.Release|Any CPU.Build.0 = Release|Any CPU
		{30F4DA52-E17C-4594-8454-9B8B0A9C99B6}.Release|x64.ActiveCfg = Release|Any CPU
		{30F4DA52-E17C-4594-8454-9B8B0A9C99B6}.Release|x64.Build.0 = Release|Any CPU
		{30F4DA52-E17C-4594-8454-9B8B0A9C99B6}.Release|x86.ActiveCfg = Release|Any CPU
		{30F4DA52-E17C-4594-8454-9B8B0A9C99B6}.Release|x86.Build.0 = Release|Any CPU
	EndGlobalSection
	GlobalSection(SolutionProperties) = preSolution
		HideSolutionNode = FALSE
	EndGlobalSection
	GlobalSection(ExtensibilityGlobals) = postSolution
		SolutionGuid = {C479103E-E53E-4213-8921-6E8A433803AD}
	EndGlobalSection
EndGlobal